
Microsoft Visual Studio Solution File, Format Version 12.00
# Visual Studio Version 17
VisualStudioVersion = 17.5.2.0
MinimumVisualStudioVersion = 10.0.40219.1
Project("{2150E333-8FDC-42A3-9474-1A3956D46DE8}") = "Phát  Triển Phần Mềm Quản Lý", "Phát  Triển Phần Mềm Quản Lý", "{9DD12CB7-2615-FDFA-A1F7-ED9444800B34}"
EndProject
Project("{FAE04EC0-301F-11D3-BF4B-00C04F79EFBC}") = "New_ProJect_MVC", "Phát  Triển Phần Mềm Quản Lý\New_ProJect_MVC\New_ProJect_MVC.csproj", "{044C717A-09AC-DB41-A56C-D07884A15B83}"
EndProject
Global
	GlobalSection(SolutionConfigurationPlatforms) = preSolution
		Debug|Any CPU = Debug|Any CPU
		Release|Any CPU = Release|Any CPU
	EndGlobalSection
	GlobalSection(ProjectConfigurationPlatforms) = postSolution
		{044C717A-09AC-DB41-A56C-D07884A15B83}.Debug|Any CPU.ActiveCfg = Debug|Any CPU
		{044C717A-09AC-DB41-A56C-D07884A15B83}.Debug|Any CPU.Build.0 = Debug|Any CPU
		{044C717A-09AC-DB41-A56C-D07884A15B83}.Release|Any CPU.ActiveCfg = Release|Any CPU
		{044C717A-09AC-DB41-A56C-D07884A15B83}.Release|Any CPU.Build.0 = Release|Any CPU
	EndGlobalSection
	GlobalSection(SolutionProperties) = preSolution
		HideSolutionNode = FALSE
	EndGlobalSection
	GlobalSection(NestedProjects) = preSolution
		{044C717A-09AC-DB41-A56C-D07884A15B83} = {9DD12CB7-2615-FDFA-A1F7-ED9444800B34}
	EndGlobalSection
	GlobalSection(ExtensibilityGlobals) = postSolution
		SolutionGuid = {03BF79C9-EB89-429E-BD0E-10F647AD4477}
	EndGlobalSection
EndGlobal
